
Microsoft Visual Studio Solution File, Format Version 12.00
# Visual Studio Version 16
VisualStudioVersion = 16.0.29709.97
MinimumVisualStudioVersion = 10.0.40219.1
Project("{FAE04EC0-301F-11D3-BF4B-00C04F79EFBC}") = "CMP1903MAssignment1Calc", "CMP1903MAssignment1Calc\CMP1903MAssignment1Calc.csproj", "{3E53026D-7326-4AC7-8699-227B0810924C}"
EndProject
Global
	GlobalSection(SolutionConfigurationPlatforms) = preSolution
		Debug|Any CPU = Debug|Any CPU
		Release|Any CPU = Release|Any CPU
	EndGlobalSection
	GlobalSection(ProjectConfigurationPlatforms) = postSolution
		{3E53026D-7326-4AC7-8699-227B0810924C}.Debug|Any CPU.ActiveCfg = Debug|Any CPU
		{3E53026D-7326-4AC7-8699-227B0810924C}.Debug|Any CPU.Build.0 = Debug|Any CPU
		{3E53026D-7326-4AC7-8699-227B0810924C}.Release|Any CPU.ActiveCfg = Release|Any CPU
		{3E53026D-7326-4AC7-8699-227B0810924C}.Release|Any CPU.Build.0 = Release|Any CPU
	EndGlobalSection
	GlobalSection(SolutionProperties) = preSolution
		HideSolutionNode = FALSE
	EndGlobalSection
	GlobalSection(ExtensibilityGlobals) = postSolution
		SolutionGuid = {995B32F3-2E12-4C21-BA45-5AFD0DB435D8}
	EndGlobalSection
EndGlobal
